{
  "name": "vcn-website",
  "lockfileVersion": 3,
  "requires": true,
  "packages": {
    "": {
      "dependencies": {
        "bootstrap": "^5.3.7"
      },
      "devDependencies": {
        "@fsouza/prettierd": "^0.29.0",
        "@prettier/plugin-xml": "^3.4.2",
        "prettier": "^3.6.2",
        "prettier-plugin-go-template": "^0.0.15"
      }
    },
    "node_modules/@babel/helper-string-parser": {
      "version": "8.0.0",
      "resolved": "https://registry.npmjs.org/@babel/helper-string-parser/-/helper-string-parser-8.0.0.tgz",
      "integrity": "sha512-6mJgmFFFIIO82vvoLt9XtRC7/TkzXfts1t/SpRX4IHSzMgqoPYCWesVu1udUPUWioAE/2fcG6WuI8zrkE1gwrg==",
      "dev": true,
      "license": "MIT",
      "optional": true,
      "engines": {
        "node": "^22.18.0 || >=24.11.0"
      }
    },
    "node_modules/@babel/helper-validator-identifier": {
      "version": "8.0.4",
      "resolved": "https://registry.npmjs.org/@babel/helper-validator-identifier/-/helper-validator-identifier-8.0.4.tgz",
      "integrity": "sha512-4wFaiLd0bVo4cIoTXI3zKI038NIWE/cr3jvBjejOVYVxV/m8Ltav1USiGzG1fmS5J2RhgEOgXNNK46cRPnRsrg==",
      "dev": true,
      "license": "MIT",
      "optional": true,
      "engines": {
        "node": "^22.18.0 || >=24.11.0"
      }
    },
    "node_modules/@babel/parser": {
      "version": "8.0.4",
      "resolved": "https://registry.npmjs.org/@babel/parser/-/parser-8.0.4.tgz",
      "integrity": "sha512-srpptsAkEbbNIC/q8nT7o+m6CQe8CJUTV/t7MYc9NnWlgYVtHOb7JH6SorxMhN0kuRJjVqXbKClG6xSbPtzz+g==",
      "dev": true,
      "license": "MIT",
      "optional": true,
      "dependencies": {
        "@babel/types": "^8.0.4"
      },
      "bin": {
        "parser": "bin/babel-parser.js"
      },
      "engines": {
        "node": "^22.18.0 || >=24.11.0"
      }
    },
    "node_modules/@babel/types": {
      "version": "8.0.4",
      "resolved": "https://registry.npmjs.org/@babel/types/-/types-8.0.4.tgz",
      "integrity": "sha512-eY+Yn3dCqTGmyiq2QRU66lA5FL8lqqqvecHt0fF3uHONIa7ToYsaCiWV8lOKqAs0Rb2SjixiKFROngnulPtt2g==",
      "dev": true,
      "license": "MIT",
      "optional": true,
      "dependencies": {
        "@babel/helper-string-parser": "^8.0.0",
        "@babel/helper-validator-identifier": "^8.0.4"
      },
      "engines": {
        "node": "^22.18.0 || >=24.11.0"
      }
    },
    "node_modules/@fsouza/prettierd": {
      "version": "0.29.0",
      "resolved": "https://registry.npmjs.org/@fsouza/prettierd/-/prettierd-0.29.0.tgz",
      "integrity": "sha512-UMBNFAVAP2Vfd8RrsH4bzchtyvqfzFp3COBYSTYmtrrU6fwK+JQLz9s6g9JNRVY6MDBWkUWNpPO63vPD/6KTFg==",
      "dev": true,
      "license": "ISC",
      "dependencies": {
        "core_d": "^6.1.1",
        "prettier": "^3.9.5"
      },
      "bin": {
        "prettierd": "bin/prettierd"
      },
      "engines": {
        "node": ">=22"
      },
      "optionalDependencies": {
        "@babel/parser": "^8.0.4",
        "@typescript-eslint/typescript-estree": "^8.64.0"
      }
    },
    "node_modules/@popperjs/core": {
      "version": "2.11.8",
      "resolved": "https://registry.npmjs.org/@popperjs/core/-/core-2.11.8.tgz",
      "integrity": "sha512-P1st0aksCrn9sGZhp8GMYwBnQsbvAWsZAX44oXNNvLHGqAOcoVxmjZiohstwQ7SqKnbR47akdNi+uleWD8+g6A==",
      "license": "MIT",
      "peer": true,
      "funding": {
        "type": "opencollective",
        "url": "https://opencollective.com/popperjs"
      }
    },
    "node_modules/@prettier/plugin-xml": {
      "version": "3.4.2",
      "resolved": "https://registry.npmjs.org/@prettier/plugin-xml/-/plugin-xml-3.4.2.tgz",
      "integrity": "sha512-/UyNlHfkuLXG6Ed85KB0WBF283xn2yavR+UtRibBRUcvEJId2DSLdGXwJ/cDa1X++SWDPzq3+GSFniHjkNy7yg==",
      "dev": true,
      "license": "MIT",
      "dependencies": {
        "@xml-tools/parser": "^1.0.11"
      },
      "peerDependencies": {
        "prettier": "^3.0.0"
      }
    },
    "node_modules/@typescript-eslint/project-service": {
      "version": "8.68.0",
      "resolved": "https://registry.npmjs.org/@typescript-eslint/project-service/-/project-service-8.68.0.tgz",
      "integrity": "sha512-5GQtWZCXFcFYux955pvoS02WLc49pXNlvIxocKjS0clvwo3in1RdlzVKyiqQH9vE5AKWFLTaUgeQkOrTS+0Qxw==",
      "dev": true,
      "license": "MIT",
      "optional": true,
      "dependencies": {
        "@typescript-eslint/tsconfig-utils": "^8.68.0",
        "@typescript-eslint/types": "^8.68.0",
        "debug": "^4.4.3"
      },
      "engines": {
        "node": "^18.18.0 || ^20.9.0 || >=21.1.0"
      },
      "funding": {
        "type": "opencollective",
        "url": "https://opencollective.com/typescript-eslint"
      },
      "peerDependencies": {
        "typescript": ">=4.8.4 <6.1.0"
      }
    },
    "node_modules/@typescript-eslint/tsconfig-utils": {
      "version": "8.68.0",
      "resolved": "https://registry.npmjs.org/@typescript-eslint/tsconfig-utils/-/tsconfig-utils-8.68.0.tgz",
      "integrity": "sha512-F7zrGQfiJHojPwi8vhxZQC1tWtJzvL74cK/nqri2lk8YUXvYaYwl263xOJ69jDWPUk1hmcdoayFwk9lX09npVw==",
      "dev": true,
      "license": "MIT",
      "optional": true,
      "engines": {
        "node": "^18.18.0 || ^20.9.0 || >=21.1.0"
      },
      "funding": {
        "type": "opencollective",
        "url": "https://opencollective.com/typescript-eslint"
      },
      "peerDependencies": {
        "typescript": ">=4.8.4 <6.1.0"
      }
    },
    "node_modules/@typescript-eslint/types": {
      "version": "8.68.0",
      "resolved": "https://registry.npmjs.org/@typescript-eslint/types/-/types-8.68.0.tgz",
      "integrity": "sha512-9RnpsGJjrAllCMefGVVsImJM24YurhC0Q1h4UbvivtvOqXmR/vEJge2OoE++z9m6hyg8T1Q8t5SNT6tHSbrxcg==",
      "dev": true,
      "license": "MIT",
      "optional": true,
      "engines": {
        "node": "^18.18.0 || ^20.9.0 || >=21.1.0"
      },
      "funding": {
        "type": "opencollective",
        "url": "https://opencollective.com/typescript-eslint"
      }
    },
    "node_modules/@typescript-eslint/typescript-estree": {
      "version": "8.68.0",
      "resolved": "https://registry.npmjs.org/@typescript-eslint/typescript-estree/-/typescript-estree-8.68.0.tgz",
      "integrity": "sha512-OKKsD0tYmoNiU5PW2zehO1yO56jYOm1ShYlxon/Z0SJNidAkdVg86eg9ruRuoXf8xfnuWZGbwDsStkoXbZtIIA==",
      "dev": true,
      "license": "MIT",
      "optional": true,
      "dependencies": {
        "@typescript-eslint/project-service": "8.68.0",
        "@typescript-eslint/tsconfig-utils": "8.68.0",
        "@typescript-eslint/types": "8.68.0",
        "@typescript-eslint/visitor-keys": "8.68.0",
        "debug": "^4.4.3",
        "minimatch": "^10.2.2",
        "semver": "^7.7.3",
        "tinyglobby": "^0.2.15",
        "ts-api-utils": "^2.5.0"
      },
      "engines": {
        "node": "^18.18.0 || ^20.9.0 || >=21.1.0"
      },
      "funding": {
        "type": "opencollective",
        "url": "https://opencollective.com/typescript-eslint"
      },
      "peerDependencies": {
        "typescript": ">=4.8.4 <6.1.0"
      }
    },
    "node_modules/@typescript-eslint/visitor-keys": {
      "version": "8.68.0",
      "resolved": "https://registry.npmjs.org/@typescript-eslint/visitor-keys/-/visitor-keys-8.68.0.tgz",
      "integrity": "sha512-YR65gGdGvTUAWLldC3xLOvOzamdGzB4A5/N8rehEaHs3Zvoe39BhgY+u0SPch1OvrVTfLcc55wsSgK2NcnTS/A==",
      "dev": true,
      "license": "MIT",
      "optional": true,
      "dependencies": {
        "@typescript-eslint/types": "8.68.0",
        "eslint-visitor-keys": "^5.0.0"
      },
      "engines": {
        "node": "^18.18.0 || ^20.9.0 || >=21.1.0"
      },
      "funding": {
        "type": "opencollective",
        "url": "https://opencollective.com/typescript-eslint"
      }
    },
    "node_modules/@xml-tools/parser": {
      "version": "1.0.11",
      "resolved": "https://registry.npmjs.org/@xml-tools/parser/-/parser-1.0.11.tgz",
      "integrity": "sha512-aKqQ077XnR+oQtHJlrAflaZaL7qZsulWc/i/ZEooar5JiWj1eLt0+Wg28cpa+XLney107wXqneC+oG1IZvxkTA==",
      "dev": true,
      "license": "Apache-2.0",
      "dependencies": {
        "chevrotain": "7.1.1"
      }
    },
    "node_modules/balanced-match": {
      "version": "4.0.4",
      "resolved": "https://registry.npmjs.org/balanced-match/-/balanced-match-4.0.4.tgz",
      "integrity": "sha512-BLrgEcRTwX2o6gGxGOCNyMvGSp35YofuYzw9h1IMTRmKqttAZZVU67bdb9Pr2vUHA8+j3i2tJfjO6C6+4myGTA==",
      "dev": true,
      "license": "MIT",
      "optional": true,
      "engines": {
        "node": "18 || 20 || >=22"
      }
    },
    "node_modules/bootstrap": {
      "version": "5.3.8",
      "resolved": "https://registry.npmjs.org/bootstrap/-/bootstrap-5.3.8.tgz",
      "integrity": "sha512-HP1SZDqaLDPwsNiqRqi5NcP0SSXciX2s9E+RyqJIIqGo+vJeN5AJVM98CXmW/Wux0nQ5L7jeWUdplCEf0Ee+tg==",
      "funding": [
        {
          "type": "github",
          "url": "https://github.com/sponsors/twbs"
        },
        {
          "type": "opencollective",
          "url": "https://opencollective.com/bootstrap"
        }
      ],
      "license": "MIT",
      "peerDependencies": {
        "@popperjs/core": "^2.11.8"
      }
    },
    "node_modules/brace-expansion": {
      "version": "5.0.9",
      "resolved": "https://registry.npmjs.org/brace-expansion/-/brace-expansion-5.0.9.tgz",
      "integrity": "sha512-ScQ4IuvIEF1TMlP7Zt+vjJ//9zlPb2SDcxWxM3bk8s6t6GGdJ7KO1dCcTidOPJKePW30LE/2cT7wCyPho9/Wxg==",
      "dev": true,
      "license": "MIT",
      "optional": true,
      "dependencies": {
        "balanced-match": "^4.0.2"
      },
      "engines": {
        "node": "20 || >=22"
      }
    },
    "node_modules/chevrotain": {
      "version": "7.1.1",
      "resolved": "https://registry.npmjs.org/chevrotain/-/chevrotain-7.1.1.tgz",
      "integrity": "sha512-wy3mC1x4ye+O+QkEinVJkPf5u2vsrDIYW9G7ZuwFl6v/Yu0LwUuT2POsb+NUWApebyxfkQq6+yDfRExbnI5rcw==",
      "dev": true,
      "license": "Apache-2.0",
      "dependencies": {
        "regexp-to-ast": "0.5.0"
      }
    },
    "node_modules/core_d": {
      "version": "6.1.1",
      "resolved": "https://registry.npmjs.org/core_d/-/core_d-6.1.1.tgz",
      "integrity": "sha512-96Pba8AFV6AjBwOz0PxHXkKm4CzmrNA2Im8NlPCsi70OefzgXxw3VDuKIMC18SXV1GF2oyNfIdh3w+JaNkSCCA==",
      "dev": true,
      "license": "MIT",
      "dependencies": {
        "supports-color": "^8.1.0"
      }
    },
    "node_modules/debug": {
      "version": "4.4.3",
      "resolved": "https://registry.npmjs.org/debug/-/debug-4.4.3.tgz",
      "integrity": "sha512-RGwwWnwQvkVfavKVt22FGLw+xYSdzARwm0ru6DhTVA3umU5hZc28V3kO4stgYryrTlLpuvgI9GiijltAjNbcqA==",
      "dev": true,
      "license": "MIT",
      "optional": true,
      "dependencies": {
        "ms": "^2.1.3"
      },
      "engines": {
        "node": ">=6.0"
      },
      "peerDependenciesMeta": {
        "supports-color": {
          "optional": true
        }
      }
    },
    "node_modules/eslint-visitor-keys": {
      "version": "5.0.1",
      "resolved": "https://registry.npmjs.org/eslint-visitor-keys/-/eslint-visitor-keys-5.0.1.tgz",
      "integrity": "sha512-tD40eHxA35h0PEIZNeIjkHoDR4YjjJp34biM0mDvplBe//mB+IHCqHDGV7pxF+7MklTvighcCPPZC7ynWyjdTA==",
      "dev": true,
      "license": "Apache-2.0",
      "optional": true,
      "engines": {
        "node": "^20.19.0 || ^22.13.0 || >=24"
      },
      "funding": {
        "url": "https://opencollective.com/eslint"
      }
    },
    "node_modules/fdir": {
      "version": "6.5.0",
      "resolved": "https://registry.npmjs.org/fdir/-/fdir-6.5.0.tgz",
      "integrity": "sha512-tIbYtZbucOs0BRGqPJkshJUYdL+SDH7dVM8gjy+ERp3WAUjLEFJE+02kanyHtwjWOnwrKYBiwAmM0p4kLJAnXg==",
      "dev": true,
      "license": "MIT",
      "optional": true,
      "engines": {
        "node": ">=12.0.0"
      },
      "peerDependencies": {
        "picomatch": "^3 || ^4"
      },
      "peerDependenciesMeta": {
        "picomatch": {
          "optional": true
        }
      }
    },
    "node_modules/has-flag": {
      "version": "4.0.0",
      "resolved": "https://registry.npmjs.org/has-flag/-/has-flag-4.0.0.tgz",
      "integrity": "sha512-EykJT/Q1KjTWctppgIAgfSO0tKVuZUjhgMr17kqTumMl6Afv3EISleU7qZUzoXDFTAHTDC4NOoG/ZxU3EvlMPQ==",
      "dev": true,
      "license": "MIT",
      "engines": {
        "node": ">=8"
      }
    },
    "node_modules/minimatch": {
      "version": "10.2.6",
      "resolved": "https://registry.npmjs.org/minimatch/-/minimatch-10.2.6.tgz",
      "integrity": "sha512-vpLQEs+VLCr1nU0BXS07maYoFwlDAH0gngQuuttxIwutDFEMHq2blX+8vpgxDdK3J1PwjCJiep77OitTZ4Ll1A==",
      "dev": true,
      "license": "BlueOak-1.0.0",
      "optional": true,
      "dependencies": {
        "brace-expansion": "^5.0.8"
      },
      "engines": {
        "node": "18 || 20 || >=22"
      },
      "funding": {
        "url": "https://github.com/sponsors/isaacs"
      }
    },
    "node_modules/ms": {
      "version": "2.1.3",
      "resolved": "https://registry.npmjs.org/ms/-/ms-2.1.3.tgz",
      "integrity": "sha512-6FlzubTLZG3J2a/NVCAleEhjzq5oxgHyaCU9yYXvcLsvoVaHJq/s5xXI6/XXP6tz7R9xAOtHnSO/tXtF3WRTlA==",
      "dev": true,
      "license": "MIT",
      "optional": true
    },
    "node_modules/picomatch": {
      "version": "4.0.7",
      "resolved": "https://registry.npmjs.org/picomatch/-/picomatch-4.0.7.tgz",
      "integrity": "sha512-qcJu88Q2IWqJsDD529JKMdwGm/dvInW4HvQnRwiH9JtihJvzGOscDtHE3x1pBKeUOTysQ8kVmLnJ2kJu7yhcGA==",
      "dev": true,
      "license": "MIT",
      "optional": true,
      "engines": {
        "node": ">=12"
      },
      "funding": {
        "url": "https://github.com/sponsors/jonschlinkert"
      }
    },
    "node_modules/prettier": {
      "version": "3.9.6",
      "resolved": "https://registry.npmjs.org/prettier/-/prettier-3.9.6.tgz",
      "integrity": "sha512-OpN0zzVdiaiAhxpuuj5efpIS4sY9j7bY6uR5mnj5yPzGkdkjNKSJeUThPb60Jw29QuAZgA4o+/iB49kFiaBX6g==",
      "dev": true,
      "license": "MIT",
      "bin": {
        "prettier": "bin/prettier.cjs"
      },
      "engines": {
        "node": ">=14"
      },
      "funding": {
        "url": "https://github.com/prettier/prettier?sponsor=1"
      }
    },
    "node_modules/prettier-plugin-go-template": {
      "version": "0.0.15",
      "resolved": "https://registry.npmjs.org/prettier-plugin-go-template/-/prettier-plugin-go-template-0.0.15.tgz",
      "integrity": "sha512-WqU92E1NokWYNZ9mLE6ijoRg6LtIGdLMePt2C7UBDjXeDH9okcRI3zRqtnWR4s5AloiqyvZ66jNBAa9tmRY5EQ==",
      "dev": true,
      "license": "MIT",
      "dependencies": {
        "ulid": "^2.3.0"
      },
      "engines": {
        "node": ">=14.0.0"
      },
      "peerDependencies": {
        "prettier": "^3.0.0"
      }
    },
    "node_modules/regexp-to-ast": {
      "version": "0.5.0",
      "resolved": "https://registry.npmjs.org/regexp-to-ast/-/regexp-to-ast-0.5.0.tgz",
      "integrity": "sha512-tlbJqcMHnPKI9zSrystikWKwHkBqu2a/Sgw01h3zFjvYrMxEDYHzzoMZnUrbIfpTFEsoRnnviOXNCzFiSc54Qw==",
      "dev": true,
      "license": "MIT"
    },
    "node_modules/semver": {
      "version": "7.8.5",
      "resolved": "https://registry.npmjs.org/semver/-/semver-7.8.5.tgz",
      "integrity": "sha512-Y7/KDsb8LjooZpwaqGyulO6DQlksgCncchHGk+sZIY4SBvUocMBEFH5Ur1fI4dV+Jvl0w6cjvucaIi40puRioA==",
      "dev": true,
      "license": "ISC",
      "optional": true,
      "bin": {
        "semver": "bin/semver.js"
      },
      "engines": {
        "node": ">=10"
      }
    },
    "node_modules/supports-color": {
      "version": "8.1.1",
      "resolved": "https://registry.npmjs.org/supports-color/-/supports-color-8.1.1.tgz",
      "integrity": "sha512-MpUEN2OodtUzxvKQl72cUF7RQ5EiHsGvSsVG0ia9c5RbWGL2CI4C7EpPS8UTBIplnlzZiNuV56w+FuNxy3ty2Q==",
      "dev": true,
      "license": "MIT",
      "dependencies": {
        "has-flag": "^4.0.0"
      },
      "engines": {
        "node": ">=10"
      },
      "funding": {
        "url": "https://github.com/chalk/supports-color?sponsor=1"
      }
    },
    "node_modules/tinyglobby": {
      "version": "0.2.17",
      "resolved": "https://registry.npmjs.org/tinyglobby/-/tinyglobby-0.2.17.tgz",
      "integrity": "sha512-wXR/dYpcqKmfWpEdZjiKJOwCNFndD0DMnrW/cYjVGttEkBfVgcLFHoNrlj47mjOVic9yyNu65alsgF4NQyTa2g==",
      "dev": true,
      "license": "MIT",
      "optional": true,
      "dependencies": {
        "fdir": "^6.5.0",
        "picomatch": "^4.0.4"
      },
      "engines": {
        "node": ">=12.0.0"
      },
      "funding": {
        "url": "https://github.com/sponsors/SuperchupuDev"
      }
    },
    "node_modules/ts-api-utils": {
      "version": "2.5.0",
      "resolved": "https://registry.npmjs.org/ts-api-utils/-/ts-api-utils-2.5.0.tgz",
      "integrity": "sha512-OJ/ibxhPlqrMM0UiNHJ/0CKQkoKF243/AEmplt3qpRgkW8VG7IfOS41h7V8TjITqdByHzrjcS/2si+y4lIh8NA==",
      "dev": true,
      "license": "MIT",
      "optional": true,
      "engines": {
        "node": ">=18.12"
      },
      "peerDependencies": {
        "typescript": ">=4.8.4"
      }
    },
    "node_modules/typescript": {
      "version": "6.0.3",
      "resolved": "https://registry.npmjs.org/typescript/-/typescript-6.0.3.tgz",
      "integrity": "sha512-y2TvuxSZPDyQakkFRPZHKFm+KKVqIisdg9/CZwm9ftvKXLP8NRWj38/ODjNbr43SsoXqNuAisEf1GdCxqWcdBw==",
      "dev": true,
      "license": "Apache-2.0",
      "optional": true,
      "peer": true,
      "bin": {
        "tsc": "bin/tsc",
        "tsserver": "bin/tsserver"
      },
      "engines": {
        "node": ">=14.17"
      }
    },
    "node_modules/ulid": {
      "version": "2.4.0",
      "resolved": "https://registry.npmjs.org/ulid/-/ulid-2.4.0.tgz",
      "integrity": "sha512-fIRiVTJNcSRmXKPZtGzFQv9WRrZ3M9eoptl/teFJvjOzmpU+/K/JH6HZ8deBfb5vMEpicJcLn7JmvdknlMq7Zg==",
      "dev": true,
      "license": "MIT",
      "bin": {
        "ulid": "bin/cli.js"
      }
    }
  }
}
